
Microsoft Visual Studio Solution File, Format Version 12.00
# Visual Studio Version 16
VisualStudioVersion = 16.0.29123.88
MinimumVisualStudioVersion = 10.0.40219.1
Project("{FAE04EC0-301F-11D3-BF4B-00C04F79EFBC}") = "makeExeFile", "makeExeFile.csproj", "{18815D8C-9F4A-434A-A89E-11B38CA1B15F}"
EndProject
Global
	GlobalSection(SolutionConfigurationPlatforms) = preSolution
		Debug|Any CPU = Debug|Any CPU
		Release|Any CPU = Release|Any CPU
	EndGlobalSection
	GlobalSection(ProjectConfigurationPlatforms) = postSolution
		{18815D8C-9F4A-434A-A89E-11B38CA1B15F}.Debug|Any CPU.ActiveCfg = Debug|Any CPU
		{18815D8C-9F4A-434A-A89E-11B38CA1B15F}.Debug|Any CPU.Build.0 = Debug|Any CPU
		{18815D8C-9F4A-434A-A89E-11B38CA1B15F}.Release|Any CPU.ActiveCfg = Release|Any CPU
		{18815D8C-9F4A-434A-A89E-11B38CA1B15F}.Release|Any CPU.Build.0 = Release|Any CPU
	EndGlobalSection
	GlobalSection(SolutionProperties) = preSolution
		HideSolutionNode = FALSE
	EndGlobalSection
	GlobalSection(ExtensibilityGlobals) = postSolution
		SolutionGuid = {4D75F685-1626-4FD9-B2B9-6B543D03A936}
	EndGlobalSection
EndGlobal
